# This file is automatically @generated by Cargo.
# It is not intended for manual editing.
version = 3

[[package]]
name = "aho-corasick"
version = "0.7.6"
source = "registry+https://github.com/rust-lang/crates.io-index"
checksum = "58fb5e95d83b38284460a5fda7d6470aa0b8844d283a0b614b8535e880800d2d"
dependencies = [
 "memchr",
]

[[package]]
name = "anstream"
version = "0.6.11"
source = "registry+https://github.com/rust-lang/crates.io-index"
checksum = "6e2e1ebcb11de5c03c67de28a7df593d32191b44939c482e97702baaaa6ab6a5"
dependencies = [
 "anstyle",
 "anstyle-parse",
 "anstyle-query",
 "anstyle-wincon",
 "colorchoice",
 "utf8parse",
]

[[package]]
name = "anstyle"
version = "1.0.4"
source = "registry+https://github.com/rust-lang/crates.io-index"
checksum = "7079075b41f533b8c61d2a4d073c4676e1f8b249ff94a393b0595db304e0dd87"

[[package]]
name = "anstyle-parse"
version = "0.2.0"
source = "registry+https://github.com/rust-lang/crates.io-index"
checksum = "e765fd216e48e067936442276d1d57399e37bce53c264d6fefbe298080cb57ee"
dependencies = [
 "utf8parse",
]

[[package]]
name = "anstyle-query"
version = "1.0.0"
source = "registry+https://github.com/rust-lang/crates.io-index"
checksum = "5ca11d4be1bab0c8bc8734a9aa7bf4ee8316d462a08c6ac5052f888fef5b494b"
dependencies = [
 "windows-sys 0.48.0",
]

[[package]]
name = "anstyle-wincon"
version = "3.0.1"
source = "registry+https://github.com/rust-lang/crates.io-index"
checksum = "f0699d10d2f4d628a98ee7b57b289abbc98ff3bad977cb3152709d4bf2330628"
dependencies = [
 "anstyle",
 "windows-sys 0.48.0",
]

[[package]]
name = "arbitrary"
version = "1.1.0"
source = "registry+https://github.com/rust-lang/crates.io-index"
checksum = "c38b6b6b79f671c25e1a3e785b7b82d7562ffc9cd3efdc98627e5668a2472490"
dependencies = [
 "derive_arbitrary",
]

[[package]]
name = "bech32"
version = "0.9.0"
source = "registry+https://github.com/rust-lang/crates.io-index"
checksum = "c5738be7561b0eeb501ef1d5c5db3f24e01ceb55fededd9b00039aada34966ad"

[[package]]
name = "bech32"
version = "0.10.0-beta"
source = "registry+https://github.com/rust-lang/crates.io-index"
checksum = "98f7eed2b2781a6f0b5c903471d48e15f56fb4e1165df8a9a2337fd1a59d45ea"

[[package]]
name = "bimap"
version = "0.6.0"
source = "registry+https://github.com/rust-lang/crates.io-index"
checksum = "f92b72b8f03128773278bf74418b9205f3d2a12c39a61f92395f47af390c32bf"

[[package]]
name = "bitcoin"
version = "0.31.0"
source = "registry+https://github.com/rust-lang/crates.io-index"
checksum = "5973a027b341b462105675962214dfe3c938ad9afd395d84b28602608bdcec7b"
dependencies = [
 "bech32 0.10.0-beta",
 "bitcoin-internals",
 "bitcoin_hashes 0.13.0",
 "hex-conservative",
 "hex_lit",
 "secp256k1",
]

[[package]]
name = "bitcoin-internals"
version = "0.2.0"
source = "registry+https://github.com/rust-lang/crates.io-index"
checksum = "9425c3bf7089c983facbae04de54513cce73b41c7f9ff8c845b54e7bc64ebbfb"

[[package]]
name = "bitcoin-private"
version = "0.1.0"
source = "registry+https://github.com/rust-lang/crates.io-index"
checksum = "73290177011694f38ec25e165d0387ab7ea749a4b81cd4c80dae5988229f7a57"

[[package]]
name = "bitcoin_hashes"
version = "0.12.0"
source = "registry+https://github.com/rust-lang/crates.io-index"
checksum = "5d7066118b13d4b20b23645932dfb3a81ce7e29f95726c2036fa33cd7b092501"
dependencies = [
 "bitcoin-private",
]

[[package]]
name = "bitcoin_hashes"
version = "0.13.0"
source = "registry+https://github.com/rust-lang/crates.io-index"
checksum = "1930a4dabfebb8d7d9992db18ebe3ae2876f0a305fab206fd168df931ede293b"
dependencies = [
 "bitcoin-internals",
 "hex-conservative",
]

[[package]]
name = "bitcoinkernel"
version = "0.2.1"
dependencies = [
 "env_logger",
 "hex",
 "libbitcoinkernel-sys",
 "log",
 "serial_test",
]

[[package]]
name = "bitflags"
version = "1.1.0"
source = "registry+https://github.com/rust-lang/crates.io-index"
checksum = "3d155346769a6855b86399e9bc3814ab343cd3d62c7e985113d46a0ec3c281fd"

[[package]]
name = "cc"
version = "1.2.0"
source = "registry+https://github.com/rust-lang/crates.io-index"
checksum = "1aeb932158bd710538c73702db6945cb68a8fb08c519e6e12706b94263b36db8"
dependencies = [
 "shlex",
]

[[package]]
name = "cfg-if"
version = "0.1.2"
source = "registry+https://github.com/rust-lang/crates.io-index"
checksum = "d4c819a1287eb618df47cc647173c5c4c66ba19d888a6e50d605672aed3140de"

[[package]]
name = "cfg-if"
version = "1.0.0"
source = "registry+https://github.com/rust-lang/crates.io-index"
checksum = "baf1de4339761588bc0619e3cbc0120ee582ebb74b53b4efbf79117bd2da40fd"

[[package]]
name = "colorchoice"
version = "1.0.0"
source = "registry+https://github.com/rust-lang/crates.io-index"
checksum = "acbf1af155f9b9ef647e42cdc158db4b64a1b61f743629225fde6f3e0be2a7c7"

[[package]]
name = "dashmap"
version = "5.1.0"
source = "registry+https://github.com/rust-lang/crates.io-index"
checksum = "c0834a35a3fce649144119e18da2a4d8ed12ef3862f47183fd46f625d072d96c"
dependencies = [
 "cfg-if 1.0.0",
 "num_cpus",
 "parking_lot",
]

[[package]]
name = "derive_arbitrary"
version = "1.0.0"
source = "registry+https://github.com/rust-lang/crates.io-index"
checksum = "df89dd0d075dea5cc5fdd6d5df6b8a61172a710b3efac1d6bdb9dd8b78f82c1a"
dependencies = [
 "proc-macro2",
 "quote 1.0.25",
 "syn 1.0.0",
]

[[package]]
name = "dtoa"
version = "0.4.0"
source = "registry+https://github.com/rust-lang/crates.io-index"
checksum = "5edd69c67b2f8e0911629b7e6b8a34cb3956613cd7c6e6414966dee349c2db4f"

[[package]]
name = "env_filter"
version = "0.1.0"
source = "registry+https://github.com/rust-lang/crates.io-index"
checksum = "a009aa4810eb158359dda09d0c87378e4bbb89b5a801f016885a4707ba24f7ea"
dependencies = [
 "log",
 "regex",
]

[[package]]
name = "env_logger"
version = "0.11.0"
source = "registry+https://github.com/rust-lang/crates.io-index"
checksum = "9eeb342678d785662fd2514be38c459bb925f02b68dd2a3e0f21d7ef82d979dd"
dependencies = [
 "anstream",
 "anstyle",
 "env_filter",
 "humantime",
 "log",
]

[[package]]
name = "examples"
version = "0.0.1"
dependencies = [
 "bitcoin",
 "bitcoinkernel",
 "env_logger",
 "hex",
 "log",
 "secp256k1",
 "silentpayments",
]

[[package]]
name = "fslock"
version = "0.2.0"
source = "registry+https://github.com/rust-lang/crates.io-index"
checksum = "31bbcaaf785e09a604b93b15b9ccb41cbf4716fa04c788748d157cb3134d717b"
dependencies = [
 "libc",
 "winapi",
]

[[package]]
name = "futures"
version = "0.3.11"
source = "registry+https://github.com/rust-lang/crates.io-index"
checksum = "90fa4cc29d25b0687b8570b0da86eac698dcb525110ad8b938fe6712baa711ec"
dependencies = [
 "futures-channel",
 "futures-core",
 "futures-executor",
 "futures-io",
 "futures-sink",
 "futures-task",
 "futures-util",
]

[[package]]
name = "futures-channel"
version = "0.3.31"
source = "registry+https://github.com/rust-lang/crates.io-index"
checksum = "2dff15bf788c671c1934e366d07e30c1814a8ef514e1af724a602e8a2fbe1b10"
dependencies = [
 "futures-core",
 "futures-sink",
]

[[package]]
name = "futures-core"
version = "0.3.31"
source = "registry+https://github.com/rust-lang/crates.io-index"
checksum = "05f29059c0c2090612e8d742178b0580d2dc940c837851ad723096f87af6663e"

[[package]]
name = "futures-executor"
version = "0.3.11"
source = "registry+https://github.com/rust-lang/crates.io-index"
checksum = "d0cb59f15119671c94cd9cc543dc9a50b8d5edc468b4ff5f0bb8567f66c6b48a"
dependencies = [
 "futures-core",
 "futures-task",
 "futures-util",
]

[[package]]
name = "futures-io"
version = "0.3.31"
source = "registry+https://github.com/rust-lang/crates.io-index"
checksum = "9e5c1b78ca4aae1ac06c48a526a655760685149f0d465d21f37abfe57ce075c6"

[[package]]
name = "futures-sink"
version = "0.3.31"
source = "registry+https://github.com/rust-lang/crates.io-index"
checksum = "e575fab7d1e0dcb8d0c7bcf9a63ee213816ab51902e6d244a95819acacf1d4f7"

[[package]]
name = "futures-task"
version = "0.3.31"
source = "registry+https://github.com/rust-lang/crates.io-index"
checksum = "f90f7dce0722e95104fcb095585910c0977252f286e354b5e3bd38902cd99988"

[[package]]
name = "futures-util"
version = "0.3.31"
source = "registry+https://github.com/rust-lang/crates.io-index"
checksum = "9fa08315bb612088cc391249efdc3bc77536f16c91f6cf495e6fbe85b20a4a81"
dependencies = [
 "futures-channel",
 "futures-core",
 "futures-io",
 "futures-sink",
 "futures-task",
 "memchr",
 "pin-project-lite",
 "pin-utils",
 "slab",
]

[[package]]
name = "hermit-abi"
version = "0.1.3"
source = "registry+https://github.com/rust-lang/crates.io-index"
checksum = "307c3c9f937f38e3534b1d6447ecf090cafcc9744e4a6360e8b037b2cf5af120"
dependencies = [
 "libc",
]

[[package]]
name = "hex"
version = "0.4.0"
source = "registry+https://github.com/rust-lang/crates.io-index"
checksum = "023b39be39e3a2da62a94feb433e91e8bcd37676fbc8bea371daf52b7a769a3e"

[[package]]
name = "hex-conservative"
version = "0.1.1"
source = "registry+https://github.com/rust-lang/crates.io-index"
checksum = "30ed443af458ccb6d81c1e7e661545f94d3176752fb1df2f543b902a1e0f51e2"

[[package]]
name = "hex_lit"
version = "0.1.1"
source = "registry+https://github.com/rust-lang/crates.io-index"
checksum = "3011d1213f159867b13cfd6ac92d2cd5f1345762c63be3554e84092d85a50bbd"

[[package]]
name = "humantime"
version = "2.0.0"
source = "registry+https://github.com/rust-lang/crates.io-index"
checksum = "b9b6c53306532d3c8e8087b44e6580e10db51a023cf9b433cea2ac38066b92da"

[[package]]
name = "itoa"
version = "0.3.0"
source = "registry+https://github.com/rust-lang/crates.io-index"
checksum = "91fd9dc2c587067de817fec4ad355e3818c3d893a78cab32a0a474c7a15bb8d5"

[[package]]
name = "lazy_static"
version = "1.2.0"
source = "registry+https://github.com/rust-lang/crates.io-index"
checksum = "a374c89b9db55895453a74c1e38861d9deec0b01b405a82516e9d5de4820dea1"

[[package]]
name = "libbitcoinkernel-sys"
version = "0.3.0"
dependencies = [
 "cc",
]

[[package]]
name = "libc"
version = "0.2.95"
source = "registry+https://github.com/rust-lang/crates.io-index"
checksum = "789da6d93f1b866ffe175afc5322a4d76c038605a1c3319bb57b06967ca98a36"

[[package]]
name = "libfuzzer-sys"
version = "0.4.0"
source = "registry+https://github.com/rust-lang/crates.io-index"
checksum = "86c975d637bc2a2f99440932b731491fc34c7f785d239e38af3addd3c2fd0e46"
dependencies = [
 "arbitrary",
 "cc",
]

[[package]]
name = "lock_api"
version = "0.4.6"
source = "registry+https://github.com/rust-lang/crates.io-index"
checksum = "88943dd7ef4a2e5a4bfa2753aaab3013e34ce2533d1996fb18ef591e315e2b3b"
dependencies = [
 "scopeguard",
]

[[package]]
name = "log"
version = "0.4.8"
source = "registry+https://github.com/rust-lang/crates.io-index"
checksum = "14b6052be84e6b71ab17edffc2eeabf5c2c3ae1fdb464aae35ac50c67a44e1f7"
dependencies = [
 "cfg-if 0.1.2",
]

[[package]]
name = "memchr"
version = "2.2.1"
source = "registry+https://github.com/rust-lang/crates.io-index"
checksum = "88579771288728879b57485cc7d6b07d648c9f0141eb955f8ab7f9d45394468e"

[[package]]
name = "num-traits"
version = "0.1.32"
source = "registry+https://github.com/rust-lang/crates.io-index"
checksum = "51eab148f171aefad295f8cece636fc488b9b392ef544da31ea4b8ef6b9e9c39"

[[package]]
name = "num_cpus"
version = "1.13.1"
source = "registry+https://github.com/rust-lang/crates.io-index"
checksum = "19e64526ebdee182341572e50e9ad03965aa510cd94427a4549448f285e957a1"
dependencies = [
 "hermit-abi",
 "libc",
]

[[package]]
name = "parking_lot"
version = "0.12.0"
source = "registry+https://github.com/rust-lang/crates.io-index"
checksum = "87f5ec2493a61ac0506c0f4199f99070cbe83857b0337006a30f3e6719b8ef58"
dependencies = [
 "lock_api",
 "parking_lot_core",
]

[[package]]
name = "parking_lot_core"
version = "0.9.0"
source = "registry+https://github.com/rust-lang/crates.io-index"
checksum = "b2f4f894f3865f6c0e02810fc597300f34dc2510f66400da262d8ae10e75767d"
dependencies = [
 "cfg-if 1.0.0",
 "libc",
 "redox_syscall",
 "smallvec",
 "windows-sys 0.29.0",
]

[[package]]
name = "pin-project-lite"
version = "0.2.6"
source = "registry+https://github.com/rust-lang/crates.io-index"
checksum = "dc0e1f259c92177c30a4c9d177246edd0a3568b25756a977d0632cf8fa37e905"

[[package]]
name = "pin-utils"
version = "0.1.0"
source = "registry+https://github.com/rust-lang/crates.io-index"
checksum = "8b870d8c151b6f2fb93e84a13146138f05d02ed11c7e7c54f8826aaaf7c9f184"

[[package]]
name = "proc-macro2"
version = "1.0.60"
source = "registry+https://github.com/rust-lang/crates.io-index"
checksum = "dec2b086b7a862cf4de201096214fa870344cf922b2b30c167badb3af3195406"
dependencies = [
 "unicode-ident",
]

[[package]]
name = "quote"
version = "0.3.8"
source = "registry+https://github.com/rust-lang/crates.io-index"
checksum = "9f0fc799e40f2a2c2be239825b30b686f1bd1d2e0e3d5e943b14c1380db49acf"

[[package]]
name = "quote"
version = "1.0.25"
source = "registry+https://github.com/rust-lang/crates.io-index"
checksum = "5308e8208729c3e1504a6cfad0d5daacc4614c9a2e65d1ea312a34b5cb00fe84"
dependencies = [
 "proc-macro2",
]

[[package]]
name = "rand"
version = "0.8.0"
source = "registry+https://github.com/rust-lang/crates.io-index"
checksum = "a76330fb486679b4ace3670f117bbc9e16204005c4bde9c4bd372f45bed34f12"
dependencies = [
 "rand_core",
]

[[package]]
name = "rand_core"
version = "0.6.2"
source = "registry+https://github.com/rust-lang/crates.io-index"
checksum = "34cf66eb183df1c5876e2dcf6b13d57340741e8dc255b48e40a26de954d06ae7"

[[package]]
name = "redox_syscall"
version = "0.2.8"
source = "registry+https://github.com/rust-lang/crates.io-index"
checksum = "742739e41cd49414de871ea5e549afb7e2a3ac77b589bcbebe8c82fab37147fc"
dependencies = [
 "bitflags",
]

[[package]]
name = "regex"
version = "1.3.0"
source = "registry+https://github.com/rust-lang/crates.io-index"
checksum = "fc98360d9e6ad383647702acc90f80b0582eac3ea577ab47d96325d3575de908"
dependencies = [
 "aho-corasick",
 "memchr",
 "regex-syntax",
 "thread_local",
]

[[package]]
name = "regex-syntax"
version = "0.6.12"
source = "registry+https://github.com/rust-lang/crates.io-index"
checksum = "11a7e20d1cce64ef2fed88b66d347f88bd9babb82845b2b858f3edbf59a4f716"

[[package]]
name = "rust-bitcoinkernel-fuzz"
version = "0.0.0"
dependencies = [
 "arbitrary",
 "bitcoinkernel",
 "libfuzzer-sys",
]

[[package]]
name = "scopeguard"
version = "1.1.0"
source = "registry+https://github.com/rust-lang/crates.io-index"
checksum = "d29ab0c6d3fc0ee92fe66e2d99f700eab17a8d57d1c1d3b748380fb20baa78cd"

[[package]]
name = "secp256k1"
version = "0.28.1"
source = "registry+https://github.com/rust-lang/crates.io-index"
checksum = "3f622567e3b4b38154fb8190bcf6b160d7a4301d70595a49195b48c116007a27"
dependencies = [
 "bitcoin_hashes 0.12.0",
 "rand",
 "secp256k1-sys",
]

[[package]]
name = "secp256k1-sys"
version = "0.9.2"
source = "registry+https://github.com/rust-lang/crates.io-index"
checksum = "e5d1746aae42c19d583c3c1a8c646bfad910498e2051c551a7f2e3c0c9fbb7eb"
dependencies = [
 "cc",
]

[[package]]
name = "serde"
version = "1.0.0"
source = "registry+https://github.com/rust-lang/crates.io-index"
checksum = "369633cfe0f0bde1dfc037fb6c5a329d46586a31f981bed14d87487a3439ae37"
dependencies = [
 "serde_derive",
]

[[package]]
name = "serde_derive"
version = "1.0.0"
source = "registry+https://github.com/rust-lang/crates.io-index"
checksum = "6a61ecb8511aaff381424f98b49a059017420ec60e15e8d63b645701af7fa9b8"
dependencies = [
 "quote 0.3.8",
 "serde_derive_internals",
 "syn 0.11.10",
]

[[package]]
name = "serde_derive_internals"
version = "0.15.0"
source = "registry+https://github.com/rust-lang/crates.io-index"
checksum = "021c338d22c7e30f957a6ab7e388cb6098499dda9fd4ba1661ee074ca7a180d1"
dependencies = [
 "syn 0.11.10",
 "synom",
]

[[package]]
name = "serde_json"
version = "1.0.0"
source = "registry+https://github.com/rust-lang/crates.io-index"
checksum = "e9b1ec939469a124b27e208106550c38358ed4334d2b1b5b3825bc1ee37d946a"
dependencies = [
 "dtoa",
 "itoa",
 "num-traits",
 "serde",
]

[[package]]
name = "serial_test"
version = "3.0.0"
source = "registry+https://github.com/rust-lang/crates.io-index"
checksum = "953ad9342b3aaca7cb43c45c097dd008d4907070394bd0751a0aa8817e5a018d"
dependencies = [
 "dashmap",
 "fslock",
 "futures",
 "lazy_static",
 "log",
 "parking_lot",
 "serial_test_derive",
]

[[package]]
name = "serial_test_derive"
version = "3.0.0"
source = "registry+https://github.com/rust-lang/crates.io-index"
checksum = "b93fb4adc70021ac1b47f7d45e8cc4169baaa7ea58483bc5b721d19a26202212"
dependencies = [
 "proc-macro2",
 "quote 1.0.25",
 "syn 2.0.0",
]

[[package]]
name = "shlex"
version = "1.3.0"
source = "registry+https://github.com/rust-lang/crates.io-index"
checksum = "0fda2ff0d084019ba4d7c6f371c95d8fd75ce3524c3cb8fb653a3023f6323e64"

[[package]]
name = "silentpayments"
version = "0.1.0"
source = "registry+https://github.com/rust-lang/crates.io-index"
checksum = "d900ba5b434b32b208e4c9f2841d617a24d551010bad5f46c80e7019a0d4507a"
dependencies = [
 "bech32 0.9.0",
 "bimap",
 "bitcoin_hashes 0.13.0",
 "hex",
 "secp256k1",
 "serde",
 "serde_json",
]

[[package]]
name = "slab"
version = "0.4.2"
source = "registry+https://github.com/rust-lang/crates.io-index"
checksum = "c111b5bd5695e56cffe5129854aa230b39c93a305372fdbb2668ca2394eea9f8"

[[package]]
name = "smallvec"
version = "1.6.1"
source = "registry+https://github.com/rust-lang/crates.io-index"
checksum = "fe0f37c9e8f3c5a4a66ad655a93c74daac4ad00c441533bf5c6e7990bb42604e"

[[package]]
name = "syn"
version = "0.11.10"
source = "registry+https://github.com/rust-lang/crates.io-index"
checksum = "171b739972d9a1bfb169e8077238b51f9ebeaae4ff6e08072f7ba386a8802da2"
dependencies = [
 "quote 0.3.8",
 "synom",
 "unicode-xid 0.0.4",
]

[[package]]
name = "syn"
version = "1.0.0"
source = "registry+https://github.com/rust-lang/crates.io-index"
checksum = "9f8c8eab7d9f493cd89d4068085651d81ac7d39c56eb64f7158ea514b156e280"
dependencies = [
 "proc-macro2",
 "quote 1.0.25",
 "unicode-xid 0.2.0",
]

[[package]]
name = "syn"
version = "2.0.0"
source = "registry+https://github.com/rust-lang/crates.io-index"
checksum = "4cff13bb1732bccfe3b246f3fdb09edfd51c01d6f5299b7ccd9457c2e4e37774"
dependencies = [
 "proc-macro2",
 "quote 1.0.25",
 "unicode-ident",
]

[[package]]
name = "synom"
version = "0.11.0"
source = "registry+https://github.com/rust-lang/crates.io-index"
checksum = "8fece1853fb872b0acdc3ff88f37c474018e125ef81cd4cb8c0ca515746b62ed"
dependencies = [
 "unicode-xid 0.0.4",
]

[[package]]
name = "thread_local"
version = "0.3.6"
source = "registry+https://github.com/rust-lang/crates.io-index"
checksum = "c6b53e329000edc2b34dbe8545fd20e55a333362d0a321909685a19bd28c3f1b"
dependencies = [
 "lazy_static",
]

[[package]]
name = "unicode-ident"
version = "1.0.0"
source = "registry+https://github.com/rust-lang/crates.io-index"
checksum = "d22af068fba1eb5edcb4aea19d382b2a3deb4c8f9d475c589b6ada9e0fd493ee"

[[package]]
name = "unicode-xid"
version = "0.0.4"
source = "registry+https://github.com/rust-lang/crates.io-index"
checksum = "8c1f860d7d29cf02cb2f3f359fd35991af3d30bac52c57d265a3c461074cb4dc"

[[package]]
name = "unicode-xid"
version = "0.2.0"
source = "registry+https://github.com/rust-lang/crates.io-index"
checksum = "826e7639553986605ec5979c7dd957c7895e93eabed50ab2ffa7f6128a75097c"

[[package]]
name = "utf8parse"
version = "0.2.1"
source = "registry+https://github.com/rust-lang/crates.io-index"
checksum = "711b9620af191e0cdc7468a8d14e709c3dcdb115b36f838e601583af800a370a"

[[package]]
name = "winapi"
version = "0.3.8"
source = "registry+https://github.com/rust-lang/crates.io-index"
checksum = "8093091eeb260906a183e6ae1abdba2ef5ef2257a21801128899c3fc699229c6"
dependencies = [
 "winapi-i686-pc-windows-gnu",
 "winapi-x86_64-pc-windows-gnu",
]

[[package]]
name = "winapi-i686-pc-windows-gnu"
version = "0.4.0"
source = "registry+https://github.com/rust-lang/crates.io-index"
checksum = "ac3b87c63620426dd9b991e5ce0329eff545bccbbb34f3be09ff6fb6ab51b7b6"

[[package]]
name = "winapi-x86_64-pc-windows-gnu"
version = "0.4.0"
source = "registry+https://github.com/rust-lang/crates.io-index"
checksum = "712e227841d057c1ee1cd2fb22fa7e5a5461ae8e48fa2ca79ec42cfc1931183f"

[[package]]
name = "windows-sys"
version = "0.29.0"
source = "registry+https://github.com/rust-lang/crates.io-index"
checksum = "ceb069ac8b2117d36924190469735767f0990833935ab430155e71a44bafe148"
dependencies = [
 "windows_aarch64_msvc 0.29.0",
 "windows_i686_gnu 0.29.0",
 "windows_i686_msvc 0.29.0",
 "windows_x86_64_gnu 0.29.0",
 "windows_x86_64_msvc 0.29.0",
]

[[package]]
name = "windows-sys"
version = "0.48.0"
source = "registry+https://github.com/rust-lang/crates.io-index"
checksum = "677d2418bec65e3338edb076e806bc1ec15693c5d0104683f2efe857f61056a9"
dependencies = [
 "windows-targets",
]

[[package]]
name = "windows-targets"
version = "0.48.0"
source = "registry+https://github.com/rust-lang/crates.io-index"
checksum = "7b1eb6f0cd7c80c79759c929114ef071b87354ce476d9d94271031c0497adfd5"
dependencies = [
 "windows_aarch64_gnullvm",
 "windows_aarch64_msvc 0.48.0",
 "windows_i686_gnu 0.48.0",
 "windows_i686_msvc 0.48.0",
 "windows_x86_64_gnu 0.48.0",
 "windows_x86_64_gnullvm",
 "windows_x86_64_msvc 0.48.0",
]

[[package]]
name = "windows_aarch64_gnullvm"
version = "0.48.0"
source = "registry+https://github.com/rust-lang/crates.io-index"
checksum = "91ae572e1b79dba883e0d315474df7305d12f569b400fcf90581b06062f7e1bc"

[[package]]
name = "windows_aarch64_msvc"
version = "0.29.0"
source = "registry+https://github.com/rust-lang/crates.io-index"
checksum = "c3d027175d00b01e0cbeb97d6ab6ebe03b12330a35786cbaca5252b1c4bf5d9b"

[[package]]
name = "windows_aarch64_msvc"
version = "0.48.0"
source = "registry+https://github.com/rust-lang/crates.io-index"
checksum = "b2ef27e0d7bdfcfc7b868b317c1d32c641a6fe4629c171b8928c7b08d98d7cf3"

[[package]]
name = "windows_i686_gnu"
version = "0.29.0"
source = "registry+https://github.com/rust-lang/crates.io-index"
checksum = "8793f59f7b8e8b01eda1a652b2697d87b93097198ae85f823b969ca5b89bba58"

[[package]]
name = "windows_i686_gnu"
version = "0.48.0"
source = "registry+https://github.com/rust-lang/crates.io-index"
checksum = "622a1962a7db830d6fd0a69683c80a18fda201879f0f447f065a3b7467daa241"

[[package]]
name = "windows_i686_msvc"
version = "0.29.0"
source = "registry+https://github.com/rust-lang/crates.io-index"
checksum = "8602f6c418b67024be2996c512f5f995de3ba417f4c75af68401ab8756796ae4"

[[package]]
name = "windows_i686_msvc"
version = "0.48.0"
source = "registry+https://github.com/rust-lang/crates.io-index"
checksum = "4542c6e364ce21bf45d69fdd2a8e455fa38d316158cfd43b3ac1c5b1b19f8e00"

[[package]]
name = "windows_x86_64_gnu"
version = "0.29.0"
source = "registry+https://github.com/rust-lang/crates.io-index"
checksum = "f3d615f419543e0bd7d2b3323af0d86ff19cbc4f816e6453f36a2c2ce889c354"

[[package]]
name = "windows_x86_64_gnu"
version = "0.48.0"
source = "registry+https://github.com/rust-lang/crates.io-index"
checksum = "ca2b8a661f7628cbd23440e50b05d705db3686f894fc9580820623656af974b1"

[[package]]
name = "windows_x86_64_gnullvm"
version = "0.48.0"
source = "registry+https://github.com/rust-lang/crates.io-index"
checksum = "7896dbc1f41e08872e9d5e8f8baa8fdd2677f29468c4e156210174edc7f7b953"

[[package]]
name = "windows_x86_64_msvc"
version = "0.29.0"
source = "registry+https://github.com/rust-lang/crates.io-index"
checksum = "11d95421d9ed3672c280884da53201a5c46b7b2765ca6faf34b0d71cf34a3561"

[[package]]
name = "windows_x86_64_msvc"
version = "0.48.0"
source = "registry+https://github.com/rust-lang/crates.io-index"
checksum = "1a515f5799fe4961cb532f983ce2b23082366b898e52ffbce459c86f67c8378a"
